
Microsoft Visual Studio Solution File, Format Version 12.00
# Visual Studio Version 17
VisualStudioVersion = 17.14.36414.22 d17.14
MinimumVisualStudioVersion = 10.0.40219.1
Project("{FAE04EC0-301F-11D3-BF4B-00C04F79EFBC}") = "WindowsFormsApp1", "WindowsFormsApp1.csproj", "{761B74B8-B42C-4532-B383-A042DEB6134E}"
EndProject
Global
	GlobalSection(SolutionConfigurationPlatforms) = preSolution
		Debug|Any CPU = Debug|Any CPU
		Release|Any CPU = Release|Any CPU
	EndGlobalSection
	GlobalSection(ProjectConfigurationPlatforms) = postSolution
		{761B74B8-B42C-4532-B383-A042DEB6134E}.Debug|Any CPU.ActiveCfg = Debug|Any CPU
		{761B74B8-B42C-4532-B383-A042DEB6134E}.Debug|Any CPU.Build.0 = Debug|Any CPU
		{761B74B8-B42C-4532-B383-A042DEB6134E}.Release|Any CPU.ActiveCfg = Release|Any CPU
		{761B74B8-B42C-4532-B383-A042DEB6134E}.Release|Any CPU.Build.0 = Release|Any CPU
	EndGlobalSection
	GlobalSection(SolutionProperties) = preSolution
		HideSolutionNode = FALSE
	EndGlobalSection
	GlobalSection(ExtensibilityGlobals) = postSolution
		SolutionGuid = {925B20C2-320B-46EB-B021-DFBA03707E9C}
	EndGlobalSection
EndGlobal
